
Microsoft Visual Studio Solution File, Format Version 12.00
# Visual Studio Version 16
VisualStudioVersion = 16.0.809.3
MinimumVisualStudioVersion = 10.0.40219.1
Project("{FAE04EC0-301F-11D3-BF4B-00C04F79EFBC}") = "adelanka-notes", "adelanka-notes\adelanka-notes.csproj", "{F5B61A43-81E2-46C1-A119-FCFC428CA86A}"
EndProject
Global
	GlobalSection(SolutionConfigurationPlatforms) = preSolution
		Debug|Any CPU = Debug|Any CPU
		Release|Any CPU = Release|Any CPU
	EndGlobalSection
	GlobalSection(ProjectConfigurationPlatforms) = postSolution
		{F5B61A43-81E2-46C1-A119-FCFC428CA86A}.Debug|Any CPU.ActiveCfg = Debug|Any CPU
		{F5B61A43-81E2-46C1-A119-FCFC428CA86A}.Debug|Any CPU.Build.0 = Debug|Any CPU
		{F5B61A43-81E2-46C1-A119-FCFC428CA86A}.Release|Any CPU.ActiveCfg = Release|Any CPU
		{F5B61A43-81E2-46C1-A119-FCFC428CA86A}.Release|Any CPU.Build.0 = Release|Any CPU
	EndGlobalSection
	GlobalSection(SolutionProperties) = preSolution
		HideSolutionNode = FALSE
	EndGlobalSection
	GlobalSection(ExtensibilityGlobals) = postSolution
		SolutionGuid = {2998916E-CE56-4C6C-8F2C-3B3BF3347656}
	EndGlobalSection
EndGlobal
